name: update-flake-lock

# Once a week the bot bumps flake.lock and opens a PR; the build workflow then
# runs against the PR head so we know before merging whether the new inputs
# actually build. Merging the PR triggers the deploy workflow, which ships the
# bumped inputs to the box. Server autoUpgrade pulls from `github:Riezebos/nix`
# nightly so the server converges shortly after.

on:
  workflow_dispatch:
  schedule:
    # 04:00 UTC Mondays. Lands before the server's 04:30 autoUpgrade,
    # but autoUpgrade still reads from `main` so the bump only goes
    # live once the PR is merged (by a human).
    - cron: "0 4 * * 1"

permissions:
  contents: write
  pull-requests: write

jobs:
  update:
    runs-on: ubuntu-latest
    steps:
      - uses: actions/checkout@3d3c42e5aac5ba805825da76410c181273ba90b1 # v7.0.1

      - name: Install Nix
        uses: DeterminateSystems/nix-installer-action@ef8a148080ab6020fd15196c2084a2eea5ff2d25 # v22
        with:
          extra-conf: |
            accept-flake-config = true

      # The flake imports the private Sterwerk application repository, so the
      # lock updater needs the same read-only deploy key as the build job.
      - name: Setup Sterwerk repository SSH key
        uses: webfactory/ssh-agent@e83874834305fe9a4a2997156cb26c5de65a8555 # v0.10.0
        with:
          ssh-private-key: ${{ secrets.STERWERK_DEPLOY_KEY }}

      # Avoid trusting a changed GitHub host key during an unattended update.
      # webfactory/ssh-agent maps repository-specific deploy keys to
      # key-<hash>.github.com aliases, so pin those aliases to the same key.
      - name: Pin GitHub host key
        run: |
          mkdir -p ~/.ssh
          chmod 700 ~/.ssh
          printf '%s\n' 'github.com ssh-ed25519 AAAAC3NzaC1lZDI1NTE5AAAAIOMqqnkVzrm0SdG6UOoqKLsabgH5C9okWi0dh2l9GKJl' > ~/.ssh/known_hosts
          chmod 644 ~/.ssh/known_hosts
          cat >> ~/.ssh/config <<'EOF'
          Host github.com key-*.github.com
            HostKeyAlias github.com
            GlobalKnownHostsFile /dev/null
            UserKnownHostsFile ~/.ssh/known_hosts
            StrictHostKeyChecking yes
          EOF
          chmod 600 ~/.ssh/config

      - name: Update flake.lock
        uses: DeterminateSystems/update-flake-lock@834c491b2ece4de0bbd00d85214bb5e83b4da5c6 # v28
        with:
          pr-title: "chore: weekly flake.lock update"
          pr-labels: |
            dependencies
            automated
          commit-msg: "chore: update flake.lock"
